
Microsoft Visual Studio Solution File, Format Version 12.00
# Visual Studio Version 16
VisualStudioVersion = 16.0.30523.141
MinimumVisualStudioVersion = 10.0.40219.1
Project("{9A19103F-16F7-4668-BE54-9A1E7A4F7556}") = "WinAPODChanger", "WinAPODChanger.csproj", "{0AB36198-4ABC-4499-AF6A-04518F0F757F}"
EndProject
Project("{8BC9CEB8-8B4A-11D0-8D11-00A0C91BC942}") = "APODWinInteraction", "APODWinInteraction\APODWinInteraction.vcxproj", "{826FFD1C-8639-457F-AE8F-16534CEE33C2}"
EndProject
Global
	GlobalSection(SolutionConfigurationPlatforms) = preSolution
		Debug|Any CPU = Debug|Any CPU
		Debug|x64 = Debug|x64
		Debug|x86 = Debug|x86
		Release|Any CPU = Release|Any CPU
		Release|x64 = Release|x64
		Release|x86 = Release|x86
	EndGlobalSection
	GlobalSection(ProjectConfigurationPlatforms) = postSolution
		{0AB36198-4ABC-4499-AF6A-04518F0F757F}.Debug|Any CPU.ActiveCfg = Debug|Any CPU
		{0AB36198-4ABC-4499-AF6A-04518F0F757F}.Debug|Any CPU.Build.0 = Debug|Any CPU
		{0AB36198-4ABC-4499-AF6A-04518F0F757F}.Debug|x64.ActiveCfg = Debug|Any CPU
		{0AB36198-4ABC-4499-AF6A-04518F0F757F}.Debug|x64.Build.0 = Debug|Any CPU
		{0AB36198-4ABC-4499-AF6A-04518F0F757F}.Debug|x86.ActiveCfg = Debug|x86
		{0AB36198-4ABC-4499-AF6A-04518F0F757F}.Debug|x86.Build.0 = Debug|x86
		{0AB36198-4ABC-4499-AF6A-04518F0F757F}.Release|Any CPU.ActiveCfg = Release|Any CPU
		{0AB36198-4ABC-4499-AF6A-04518F0F757F}.Release|Any CPU.Build.0 = Release|Any CPU
		{0AB36198-4ABC-4499-AF6A-04518F0F757F}.Release|x64.ActiveCfg = Release|Any CPU
		{0AB36198-4ABC-4499-AF6A-04518F0F757F}.Release|x64.Build.0 = Release|Any CPU
		{0AB36198-4ABC-4499-AF6A-04518F0F757F}.Release|x86.ActiveCfg = Release|x86
		{0AB36198-4ABC-4499-AF6A-04518F0F757F}.Release|x86.Build.0 = Release|x86
		{826FFD1C-8639-457F-AE8F-16534CEE33C2}.Debug|Any CPU.ActiveCfg = Debug|x64
		{826FFD1C-8639-457F-AE8F-16534CEE33C2}.Debug|Any CPU.Build.0 = Debug|x64
		{826FFD1C-8639-457F-AE8F-16534CEE33C2}.Debug|x64.ActiveCfg = Debug|x64
		{826FFD1C-8639-457F-AE8F-16534CEE33C2}.Debug|x64.Build.0 = Debug|x64
		{826FFD1C-8639-457F-AE8F-16534CEE33C2}.Debug|x86.ActiveCfg = Debug|Win32
		{826FFD1C-8639-457F-AE8F-16534CEE33C2}.Debug|x86.Build.0 = Debug|Win32
		{826FFD1C-8639-457F-AE8F-16534CEE33C2}.Release|Any CPU.ActiveCfg = Release|x64
		{826FFD1C-8639-457F-AE8F-16534CEE33C2}.Release|Any CPU.Build.0 = Release|x64
		{826FFD1C-8639-457F-AE8F-16534CEE33C2}.Release|x64.ActiveCfg = Release|x64
		{826FFD1C-8639-457F-AE8F-16534CEE33C2}.Release|x64.Build.0 = Release|x64
		{826FFD1C-8639-457F-AE8F-16534CEE33C2}.Release|x86.ActiveCfg = Release|Win32
		{826FFD1C-8639-457F-AE8F-16534CEE33C2}.Release|x86.Build.0 = Release|Win32
	EndGlobalSection
	GlobalSection(SolutionProperties) = preSolution
		HideSolutionNode = FALSE
	EndGlobalSection
	GlobalSection(ExtensibilityGlobals) = postSolution
		SolutionGuid = {0B0E6A22-FFB5-4BC8-800E-340025B6D8E7}
	EndGlobalSection
EndGlobal
